
Microsoft Visual Studio Solution File, Format Version 12.00
# Visual Studio Version 17
VisualStudioVersion = 17.0.31912.275
MinimumVisualStudioVersion = 10.0.40219.1
Project("{9A19103F-16F7-4668-BE54-9A1E7A4F7556}") = "hey-url-challenge-code-dotnet", "hey-url-challenge-code-dotnet\hey-url-challenge-code-dotnet.csproj", "{C673D8C3-FE4F-465C-9457-3A9E08ADE305}"
EndProject
Project("{2150E333-8FDC-42A3-9474-1A3956D46DE8}") = "Solution Items", "Solution Items", "{EEF9DBB3-847A-427F-98FE-E431729F938C}"
	ProjectSection(SolutionItems) = preProject
		CHALLENGE.md = CHALLENGE.md
		README.md = README.md
	EndProjectSection
EndProject
Project("{2150E333-8FDC-42A3-9474-1A3956D46DE8}") = "00. Test", "00. Test", "{6B16E3D8-8095-4622-9A90-DBFD57615005}"
EndProject
Project("{2150E333-8FDC-42A3-9474-1A3956D46DE8}") = "01. Clients", "01. Clients", "{77EF052D-E2C9-4D7C-B400-853299052EEA}"
EndProject
Project("{2150E333-8FDC-42A3-9474-1A3956D46DE8}") = "02. Applications", "02. Applications", "{2F021D89-8ABA-4FAC-AFA5-DB8C34705C60}"
EndProject
Project("{2150E333-8FDC-42A3-9474-1A3956D46DE8}") = "03. Domain", "03. Domain", "{2642C075-C692-44CE-B2BE-334A431D6D94}"
EndProject
Project("{2150E333-8FDC-42A3-9474-1A3956D46DE8}") = "04. Infraestructure", "04. Infraestructure", "{5CC71925-1FF6-4E95-85A8-6A7313B2B20E}"
EndProject
Project("{2150E333-8FDC-42A3-9474-1A3956D46DE8}") = "05. CrossCutting", "05. CrossCutting", "{60955EED-4AE0-458F-98AC-D2EA64B854AE}"
EndProject
Project("{FAE04EC0-301F-11D3-BF4B-00C04F79EFBC}") = "HeyUrl.Web.Test", "HeyUrl.Web.Test\HeyUrl.Web.Test.csproj", "{D8439EA9-F06A-4E8B-8808-F1406A49CC89}"
EndProject
Project("{FAE04EC0-301F-11D3-BF4B-00C04F79EFBC}") = "HeyUrl.Entity", "HeyUrl.Entity\HeyUrl.Entity.csproj", "{207E461D-E72F-4793-9673-BED1A04B9D5A}"
EndProject
Project("{FAE04EC0-301F-11D3-BF4B-00C04F79EFBC}") = "HeyUrl.Dto", "HeyUrl.Dto\HeyUrl.Dto.csproj", "{3AEED12A-2076-4DED-9377-8601CE5EB9B7}"
EndProject
Project("{FAE04EC0-301F-11D3-BF4B-00C04F79EFBC}") = "HeyUrl.Mapping", "HeyUrl.Mapping\HeyUrl.Mapping.csproj", "{A131F77A-C042-43C8-924C-5C50082AC147}"
EndProject
Project("{FAE04EC0-301F-11D3-BF4B-00C04F79EFBC}") = "HeyUrl.Repository.Abstraction", "HeyUrl.Repository.Abstraction\HeyUrl.Repository.Abstraction.csproj", "{97CE9CB2-CA47-4432-B6DE-C47BD9565B40}"
EndProject
Project("{FAE04EC0-301F-11D3-BF4B-00C04F79EFBC}") = "HeyUrl.Repository", "HeyUrl.Repository\HeyUrl.Repository.csproj", "{96074078-B915-467A-B236-7D5BB3154DC5}"
EndProject
Project("{FAE04EC0-301F-11D3-BF4B-00C04F79EFBC}") = "HeyUrl.UnitOfWork.Abstraction", "HeyUrl.UnitOfWork.Abstraction\HeyUrl.UnitOfWork.Abstraction.csproj", "{719E4710-0DBC-45C6-96E5-47D8FD0077E9}"
EndProject
Project("{FAE04EC0-301F-11D3-BF4B-00C04F79EFBC}") = "HeyUrl.UnitOfWork", "HeyUrl.UnitOfWork\HeyUrl.UnitOfWork.csproj", "{6F18051A-666B-4515-BF4F-0572306EB35E}"
EndProject
Project("{FAE04EC0-301F-11D3-BF4B-00C04F79EFBC}") = "HeyUrl.Common", "HeyUrl.Common\HeyUrl.Common.csproj", "{EB6D3DA9-2A1C-40A5-9919-F7F64DFD2CEF}"
EndProject
Project("{FAE04EC0-301F-11D3-BF4B-00C04F79EFBC}") = "HeyUrl.Application.Abstraction", "HeyUrl.Application.Abstraction\HeyUrl.Application.Abstraction.csproj", "{E8EFA926-D4BA-4F49-B944-5D912B852150}"
EndProject
Project("{FAE04EC0-301F-11D3-BF4B-00C04F79EFBC}") = "HeyUrl.Application", "HeyUrl.Application\HeyUrl.Application.csproj", "{919540C7-0E43-4E2A-8F1C-C3C4F02230C7}"
EndProject
Project("{FAE04EC0-301F-11D3-BF4B-00C04F79EFBC}") = "HeyUrl.Application.Test", "HeyUrl.Application.Test\HeyUrl.Application.Test.csproj", "{268E16A0-8DAE-4059-BBC6-0F27BC83B94D}"
EndProject
Project("{FAE04EC0-301F-11D3-BF4B-00C04F79EFBC}") = "HeyUrl.Persistence", "HeyUrl.Persistence\HeyUrl.Persistence.csproj", "{C7D7E931-39B1-44F6-99AD-0175C1CC8D0D}"
EndProject
Global
	GlobalSection(SolutionConfigurationPlatforms) = preSolution
		Debug|Any CPU = Debug|Any CPU
		Release|Any CPU = Release|Any CPU
	EndGlobalSection
	GlobalSection(ProjectConfigurationPlatforms) = postSolution
		{C673D8C3-FE4F-465C-9457-3A9E08ADE305}.Debug|Any CPU.ActiveCfg = Debug|Any CPU
		{C673D8C3-FE4F-465C-9457-3A9E08ADE305}.Debug|Any CPU.Build.0 = Debug|Any CPU
		{C673D8C3-FE4F-465C-9457-3A9E08ADE305}.Release|Any CPU.ActiveCfg = Release|Any CPU
		{C673D8C3-FE4F-465C-9457-3A9E08ADE305}.Release|Any CPU.Build.0 = Release|Any CPU
		{D8439EA9-F06A-4E8B-8808-F1406A49CC89}.Debug|Any CPU.ActiveCfg = Debug|Any CPU
		{D8439EA9-F06A-4E8B-8808-F1406A49CC89}.Debug|Any CPU.Build.0 = Debug|Any CPU
		{D8439EA9-F06A-4E8B-8808-F1406A49CC89}.Release|Any CPU.ActiveCfg = Release|Any CPU
		{D8439EA9-F06A-4E8B-8808-F1406A49CC89}.Release|Any CPU.Build.0 = Release|Any CPU
		{207E461D-E72F-4793-9673-BED1A04B9D5A}.Debug|Any CPU.ActiveCfg = Debug|Any CPU
		{207E461D-E72F-4793-9673-BED1A04B9D5A}.Debug|Any CPU.Build.0 = Debug|Any CPU
		{207E461D-E72F-4793-9673-BED1A04B9D5A}.Release|Any CPU.ActiveCfg = Release|Any CPU
		{207E461D-E72F-4793-9673-BED1A04B9D5A}.Release|Any CPU.Build.0 = Release|Any CPU
		{3AEED12A-2076-4DED-9377-8601CE5EB9B7}.Debug|Any CPU.ActiveCfg = Debug|Any CPU
		{3AEED12A-2076-4DED-9377-8601CE5EB9B7}.Debug|Any CPU.Build.0 = Debug|Any CPU
		{3AEED12A-2076-4DED-9377-8601CE5EB9B7}.Release|Any CPU.ActiveCfg = Release|Any CPU
		{3AEED12A-2076-4DED-9377-8601CE5EB9B7}.Release|Any CPU.Build.0 = Release|Any CPU
		{A131F77A-C042-43C8-924C-5C50082AC147}.Debug|Any CPU.ActiveCfg = Debug|Any CPU
		{A131F77A-C042-43C8-924C-5C50082AC147}.Debug|Any CPU.Build.0 = Debug|Any CPU
		{A131F77A-C042-43C8-924C-5C50082AC147}.Release|Any CPU.ActiveCfg = Release|Any CPU
		{A131F77A-C042-43C8-924C-5C50082AC147}.Release|Any CPU.Build.0 = Release|Any CPU
		{97CE9CB2-CA47-4432-B6DE-C47BD9565B40}.Debug|Any CPU.ActiveCfg = Debug|Any CPU
		{97CE9CB2-CA47-4432-B6DE-C47BD9565B40}.Debug|Any CPU.Build.0 = Debug|Any CPU
		{97CE9CB2-CA47-4432-B6DE-C47BD9565B40}.Release|Any CPU.ActiveCfg = Release|Any CPU
		{97CE9CB2-CA47-4432-B6DE-C47BD9565B40}.Release|Any CPU.Build.0 = Release|Any CPU
		{96074078-B915-467A-B236-7D5BB3154DC5}.Debug|Any CPU.ActiveCfg = Debug|Any CPU
		{96074078-B915-467A-B236-7D5BB3154DC5}.Debug|Any CPU.Build.0 = Debug|Any CPU
		{96074078-B915-467A-B236-7D5BB3154DC5}.Release|Any CPU.ActiveCfg = Release|Any CPU
		{96074078-B915-467A-B236-7D5BB3154DC5}.Release|Any CPU.Build.0 = Release|Any CPU
		{719E4710-0DBC-45C6-96E5-47D8FD0077E9}.Debug|Any CPU.ActiveCfg = Debug|Any CPU
		{719E4710-0DBC-45C6-96E5-47D8FD0077E9}.Debug|Any CPU.Build.0 = Debug|Any CPU
		{719E4710-0DBC-45C6-96E5-47D8FD0077E9}.Release|Any CPU.ActiveCfg = Release|Any CPU
		{719E4710-0DBC-45C6-96E5-47D8FD0077E9}.Release|Any CPU.Build.0 = Release|Any CPU
		{6F18051A-666B-4515-BF4F-0572306EB35E}.Debug|Any CPU.ActiveCfg = Debug|Any CPU
		{6F18051A-666B-4515-BF4F-0572306EB35E}.Debug|Any CPU.Build.0 = Debug|Any CPU
		{6F18051A-666B-4515-BF4F-0572306EB35E}.Release|Any CPU.ActiveCfg = Release|Any CPU
		{6F18051A-666B-4515-BF4F-0572306EB35E}.Release|Any CPU.Build.0 = Release|Any CPU
		{EB6D3DA9-2A1C-40A5-9919-F7F64DFD2CEF}.Debug|Any CPU.ActiveCfg = Debug|Any CPU
		{EB6D3DA9-2A1C-40A5-9919-F7F64DFD2CEF}.Debug|Any CPU.Build.0 = Debug|Any CPU
		{EB6D3DA9-2A1C-40A5-9919-F7F64DFD2CEF}.Release|Any CPU.ActiveCfg = Release|Any CPU
		{EB6D3DA9-2A1C-40A5-9919-F7F64DFD2CEF}.Release|Any CPU.Build.0 = Release|Any CPU
		{E8EFA926-D4BA-4F49-B944-5D912B852150}.Debug|Any CPU.ActiveCfg = Debug|Any CPU
		{E8EFA926-D4BA-4F49-B944-5D912B852150}.Debug|Any CPU.Build.0 = Debug|Any CPU
		{E8EFA926-D4BA-4F49-B944-5D912B852150}.Release|Any CPU.ActiveCfg = Release|Any CPU
		{E8EFA926-D4BA-4F49-B944-5D912B852150}.Release|Any CPU.Build.0 = Release|Any CPU
		{919540C7-0E43-4E2A-8F1C-C3C4F02230C7}.Debug|Any CPU.ActiveCfg = Debug|Any CPU
		{919540C7-0E43-4E2A-8F1C-C3C4F02230C7}.Debug|Any CPU.Build.0 = Debug|Any CPU
		{919540C7-0E43-4E2A-8F1C-C3C4F02230C7}.Release|Any CPU.ActiveCfg = Release|Any CPU
		{919540C7-0E43-4E2A-8F1C-C3C4F02230C7}.Release|Any CPU.Build.0 = Release|Any CPU
		{268E16A0-8DAE-4059-BBC6-0F27BC83B94D}.Debug|Any CPU.ActiveCfg = Debug|Any CPU
		{268E16A0-8DAE-4059-BBC6-0F27BC83B94D}.Debug|Any CPU.Build.0 = Debug|Any CPU
		{268E16A0-8DAE-4059-BBC6-0F27BC83B94D}.Release|Any CPU.ActiveCfg = Release|Any CPU
		{268E16A0-8DAE-4059-BBC6-0F27BC83B94D}.Release|Any CPU.Build.0 = Release|Any CPU
		{C7D7E931-39B1-44F6-99AD-0175C1CC8D0D}.Debug|Any CPU.ActiveCfg = Debug|Any CPU
		{C7D7E931-39B1-44F6-99AD-0175C1CC8D0D}.Debug|Any CPU.Build.0 = Debug|Any CPU
		{C7D7E931-39B1-44F6-99AD-0175C1CC8D0D}.Release|Any CPU.ActiveCfg = Release|Any CPU
		{C7D7E931-39B1-44F6-99AD-0175C1CC8D0D}.Release|Any CPU.Build.0 = Release|Any CPU
	EndGlobalSection
	GlobalSection(SolutionProperties) = preSolution
		HideSolutionNode = FALSE
	EndGlobalSection
	GlobalSection(NestedProjects) = preSolution
		{C673D8C3-FE4F-465C-9457-3A9E08ADE305} = {77EF052D-E2C9-4D7C-B400-853299052EEA}
		{D8439EA9-F06A-4E8B-8808-F1406A49CC89} = {6B16E3D8-8095-4622-9A90-DBFD57615005}
		{207E461D-E72F-4793-9673-BED1A04B9D5A} = {2642C075-C692-44CE-B2BE-334A431D6D94}
		{3AEED12A-2076-4DED-9377-8601CE5EB9B7} = {2642C075-C692-44CE-B2BE-334A431D6D94}
		{A131F77A-C042-43C8-924C-5C50082AC147} = {2642C075-C692-44CE-B2BE-334A431D6D94}
		{97CE9CB2-CA47-4432-B6DE-C47BD9565B40} = {5CC71925-1FF6-4E95-85A8-6A7313B2B20E}
		{96074078-B915-467A-B236-7D5BB3154DC5} = {5CC71925-1FF6-4E95-85A8-6A7313B2B20E}
		{719E4710-0DBC-45C6-96E5-47D8FD0077E9} = {5CC71925-1FF6-4E95-85A8-6A7313B2B20E}
		{6F18051A-666B-4515-BF4F-0572306EB35E} = {5CC71925-1FF6-4E95-85A8-6A7313B2B20E}
		{EB6D3DA9-2A1C-40A5-9919-F7F64DFD2CEF} = {60955EED-4AE0-458F-98AC-D2EA64B854AE}
		{E8EFA926-D4BA-4F49-B944-5D912B852150} = {2F021D89-8ABA-4FAC-AFA5-DB8C34705C60}
		{919540C7-0E43-4E2A-8F1C-C3C4F02230C7} = {2F021D89-8ABA-4FAC-AFA5-DB8C34705C60}
		{268E16A0-8DAE-4059-BBC6-0F27BC83B94D} = {6B16E3D8-8095-4622-9A90-DBFD57615005}
		{C7D7E931-39B1-44F6-99AD-0175C1CC8D0D} = {5CC71925-1FF6-4E95-85A8-6A7313B2B20E}
	EndGlobalSection
	GlobalSection(ExtensibilityGlobals) = postSolution
		SolutionGuid = {55DBE199-5033-4095-A89D-B2255A026430}
	EndGlobalSection
EndGlobal
